
Microsoft Visual Studio Solution File, Format Version 12.00
# Visual Studio 15
VisualStudioVersion = 15.0.28307.645
MinimumVisualStudioVersion = 10.0.40219.1
Project("{9A19103F-16F7-4668-BE54-9A1E7A4F7556}") = "Evento.Infrastructure", "Evento.Infrastructure.csproj", "{0869B8FA-E081-47AE-8665-96456C200E7B}"
EndProject
Global
	GlobalSection(SolutionConfigurationPlatforms) = preSolution
		Debug|Any CPU = Debug|Any CPU
		Release|Any CPU = Release|Any CPU
	EndGlobalSection
	GlobalSection(ProjectConfigurationPlatforms) = postSolution
		{0869B8FA-E081-47AE-8665-96456C200E7B}.Debug|Any CPU.ActiveCfg = Debug|Any CPU
		{0869B8FA-E081-47AE-8665-96456C200E7B}.Debug|Any CPU.Build.0 = Debug|Any CPU
		{0869B8FA-E081-47AE-8665-96456C200E7B}.Release|Any CPU.ActiveCfg = Release|Any CPU
		{0869B8FA-E081-47AE-8665-96456C200E7B}.Release|Any CPU.Build.0 = Release|Any CPU
	EndGlobalSection
	GlobalSection(SolutionProperties) = preSolution
		HideSolutionNode = FALSE
	EndGlobalSection
	GlobalSection(ExtensibilityGlobals) = postSolution
		SolutionGuid = {8E54AE84-51FD-4693-88FD-BEEA8F6AB0E0}
	EndGlobalSection
EndGlobal
